
Microsoft Visual Studio Solution File, Format Version 12.00
# Visual Studio Version 17
VisualStudioVersion = 17.7.34031.279
MinimumVisualStudioVersion = 10.0.40219.1
Project("{FAE04EC0-301F-11D3-BF4B-00C04F79EFBC}") = "Solution1", "Solution1\Solution1.csproj", "{9A0537C3-DE93-44BB-8AE6-F564E2BBF164}"
EndProject
Project("{FAE04EC0-301F-11D3-BF4B-00C04F79EFBC}") = "Solution2", "Solution2\Solution2.csproj", "{28C98D6D-C88A-4934-ADEA-5F66641F5350}"
EndProject
Global
	GlobalSection(SolutionConfigurationPlatforms) = preSolution
		Debug|Any CPU = Debug|Any CPU
		Release|Any CPU = Release|Any CPU
	EndGlobalSection
	GlobalSection(ProjectConfigurationPlatforms) = postSolution
		{9A0537C3-DE93-44BB-8AE6-F564E2BBF164}.Debug|Any CPU.ActiveCfg = Debug|Any CPU
		{9A0537C3-DE93-44BB-8AE6-F564E2BBF164}.Debug|Any CPU.Build.0 = Debug|Any CPU
		{9A0537C3-DE93-44BB-8AE6-F564E2BBF164}.Release|Any CPU.ActiveCfg = Release|Any CPU
		{9A0537C3-DE93-44BB-8AE6-F564E2BBF164}.Release|Any CPU.Build.0 = Release|Any CPU
		{28C98D6D-C88A-4934-ADEA-5F66641F5350}.Debug|Any CPU.ActiveCfg = Debug|Any CPU
		{28C98D6D-C88A-4934-ADEA-5F66641F5350}.Debug|Any CPU.Build.0 = Debug|Any CPU
		{28C98D6D-C88A-4934-ADEA-5F66641F5350}.Release|Any CPU.ActiveCfg = Release|Any CPU
		{28C98D6D-C88A-4934-ADEA-5F66641F5350}.Release|Any CPU.Build.0 = Release|Any CPU
	EndGlobalSection
	GlobalSection(SolutionProperties) = preSolution
		HideSolutionNode = FALSE
	EndGlobalSection
	GlobalSection(ExtensibilityGlobals) = postSolution
		SolutionGuid = {F1E3FBA5-F2D3-43C3-9B2B-09DE1AA011CE}
	EndGlobalSection
EndGlobal
